
Microsoft Visual Studio Solution File, Format Version 12.00
# Visual Studio 14
VisualStudioVersion = 14.0.25420.1
MinimumVisualStudioVersion = 10.0.40219.1
Project("{FAE04EC0-301F-11D3-BF4B-00C04F79EFBC}") = "EyeOfBeholder.Uml", "EyeOfBeholder.Uml.csproj", "{F7D1F608-08B1-403A-8D9B-5AFA695CF628}"
EndProject
Global
	GlobalSection(SolutionConfigurationPlatforms) = preSolution
		Debug|Any CPU = Debug|Any CPU
		Release|Any CPU = Release|Any CPU
	EndGlobalSection
	GlobalSection(ProjectConfigurationPlatforms) = postSolution
		{F7D1F608-08B1-403A-8D9B-5AFA695CF628}.Debug|Any CPU.ActiveCfg = Debug|Any CPU
		{F7D1F608-08B1-403A-8D9B-5AFA695CF628}.Debug|Any CPU.Build.0 = Debug|Any CPU
		{F7D1F608-08B1-403A-8D9B-5AFA695CF628}.Release|Any CPU.ActiveCfg = Release|Any CPU
		{F7D1F608-08B1-403A-8D9B-5AFA695CF628}.Release|Any CPU.Build.0 = Release|Any CPU
	EndGlobalSection
	GlobalSection(SolutionProperties) = preSolution
		HideSolutionNode = FALSE
	EndGlobalSection
EndGlobal
