
Microsoft Visual Studio Solution File, Format Version 12.00
# Visual Studio 14
VisualStudioVersion = 14.0.25420.1
MinimumVisualStudioVersion = 10.0.40219.1
Project("{FAE04EC0-301F-11D3-BF4B-00C04F79EFBC}") = "EyeOfBeholder.Uml", "EyeOfBeholder.Uml.csproj", "{F7D1F608-08B1-403A-8D9B-5AFA695CF628}"
EndProject
Project("{FAE04EC0-301F-11D3-BF4B-00C04F79EFBC}") = "EyeOfBeholder.Uml.Tests", "..\EyeOfBeholder.Uml.Tests\EyeOfBeholder.Uml.Tests.csproj", "{1562F8C2-C420-497D-BBB6-8353281970C1}"
EndProject
Project("{2150E333-8FDC-42A3-9474-1A3956D46DE8}") = "Solution Items", "Solution Items", "{19E6E20D-17AB-4407-AF7A-6DDC2F52CBB0}"
	ProjectSection(SolutionItems) = preProject
		Performance1.psess = Performance1.psess
	EndProjectSection
EndProject
Project("{FAE04EC0-301F-11D3-BF4B-00C04F79EFBC}") = "EyeOfBeholder.VsExtension", "..\EyeOfBeholder.VsExtension\EyeOfBeholder.VsExtension.csproj", "{DDEED5A8-9B99-43E4-97BC-22EF1042A06E}"
EndProject
Global
	GlobalSection(Performance) = preSolution
		HasPerformanceSessions = true
	EndGlobalSection
	GlobalSection(SolutionConfigurationPlatforms) = preSolution
		Debug|Any CPU = Debug|Any CPU
		Release|Any CPU = Release|Any CPU
	EndGlobalSection
	GlobalSection(ProjectConfigurationPlatforms) = postSolution
		{F7D1F608-08B1-403A-8D9B-5AFA695CF628}.Debug|Any CPU.ActiveCfg = Debug|Any CPU
		{F7D1F608-08B1-403A-8D9B-5AFA695CF628}.Debug|Any CPU.Build.0 = Debug|Any CPU
		{F7D1F608-08B1-403A-8D9B-5AFA695CF628}.Release|Any CPU.ActiveCfg = Release|Any CPU
		{F7D1F608-08B1-403A-8D9B-5AFA695CF628}.Release|Any CPU.Build.0 = Release|Any CPU
		{1562F8C2-C420-497D-BBB6-8353281970C1}.Debug|Any CPU.ActiveCfg = Debug|Any CPU
		{1562F8C2-C420-497D-BBB6-8353281970C1}.Debug|Any CPU.Build.0 = Debug|Any CPU
		{1562F8C2-C420-497D-BBB6-8353281970C1}.Release|Any CPU.ActiveCfg = Release|Any CPU
		{1562F8C2-C420-497D-BBB6-8353281970C1}.Release|Any CPU.Build.0 = Release|Any CPU
		{DDEED5A8-9B99-43E4-97BC-22EF1042A06E}.Debug|Any CPU.ActiveCfg = Debug|Any CPU
		{DDEED5A8-9B99-43E4-97BC-22EF1042A06E}.Debug|Any CPU.Build.0 = Debug|Any CPU
		{DDEED5A8-9B99-43E4-97BC-22EF1042A06E}.Release|Any CPU.ActiveCfg = Release|Any CPU
		{DDEED5A8-9B99-43E4-97BC-22EF1042A06E}.Release|Any CPU.Build.0 = Release|Any CPU
	EndGlobalSection
	GlobalSection(SolutionProperties) = preSolution
		HideSolutionNode = FALSE
	EndGlobalSection
EndGlobal
